
Microsoft Visual Studio Solution File, Format Version 12.00
# Visual Studio Version 16
VisualStudioVersion = 16.0.29025.244
MinimumVisualStudioVersion = 10.0.40219.1
Project("{9A19103F-16F7-4668-BE54-9A1E7A4F7556}") = "Osprey", "Osprey\Osprey.csproj", "{3D5EB067-4A44-47C7-90A5-6F3CF023A8EB}"
EndProject
Project("{9A19103F-16F7-4668-BE54-9A1E7A4F7556}") = "Osprey.Demo.Client", "Applications\Osprey.Demo.Client\Osprey.Demo.Client.csproj", "{EAE77F18-757C-47A3-9B4E-1058BDADB64C}"
EndProject
Project("{9A19103F-16F7-4668-BE54-9A1E7A4F7556}") = "Osprey.Demo.Server", "Applications\Osprey.Demo.Server\Osprey.Demo.Server.csproj", "{464CC729-94EA-4768-8F1B-58CA2BE340A4}"
EndProject
Project("{9A19103F-16F7-4668-BE54-9A1E7A4F7556}") = "Osprey.Http", "Osprey.Http\Osprey.Http.csproj", "{2C1767BD-D1AF-4886-AEBE-73578A680AEB}"
EndProject
Project("{9A19103F-16F7-4668-BE54-9A1E7A4F7556}") = "Osprey.Monitor", "Applications\Osprey.Monitor\Osprey.Monitor.csproj", "{9D49C8D7-6937-4A52-9236-BE1B11057702}"
EndProject
Project("{2150E333-8FDC-42A3-9474-1A3956D46DE8}") = "Applications", "Applications", "{3F4D4865-C0AF-4F7B-A6EA-100A4F4EF481}"
EndProject
Project("{9A19103F-16F7-4668-BE54-9A1E7A4F7556}") = "Osprey.ZeroMQ", "Osprey.ZeroMQ\Osprey.ZeroMQ.csproj", "{19FF70B8-4F85-414D-A63A-BBCBFC18B727}"
EndProject
Project("{9A19103F-16F7-4668-BE54-9A1E7A4F7556}") = "Osprey.SignalR", "Osprey.SignalR\Osprey.SignalR.csproj", "{BA5BB1AB-3C0B-42E7-9C67-4B167C84BE90}"
EndProject
Project("{9A19103F-16F7-4668-BE54-9A1E7A4F7556}") = "Osprey.NLog", "Osprey.NLog\Osprey.NLog.csproj", "{C9BBF51B-F18E-48A3-A288-09AE026624C1}"
EndProject
Global
	GlobalSection(SolutionConfigurationPlatforms) = preSolution
		Debug|Any CPU = Debug|Any CPU
		Release|Any CPU = Release|Any CPU
	EndGlobalSection
	GlobalSection(ProjectConfigurationPlatforms) = postSolution
		{3D5EB067-4A44-47C7-90A5-6F3CF023A8EB}.Debug|Any CPU.ActiveCfg = Debug|Any CPU
		{3D5EB067-4A44-47C7-90A5-6F3CF023A8EB}.Debug|Any CPU.Build.0 = Debug|Any CPU
		{3D5EB067-4A44-47C7-90A5-6F3CF023A8EB}.Release|Any CPU.ActiveCfg = Release|Any CPU
		{3D5EB067-4A44-47C7-90A5-6F3CF023A8EB}.Release|Any CPU.Build.0 = Release|Any CPU
		{EAE77F18-757C-47A3-9B4E-1058BDADB64C}.Debug|Any CPU.ActiveCfg = Debug|Any CPU
		{EAE77F18-757C-47A3-9B4E-1058BDADB64C}.Debug|Any CPU.Build.0 = Debug|Any CPU
		{EAE77F18-757C-47A3-9B4E-1058BDADB64C}.Release|Any CPU.ActiveCfg = Release|Any CPU
		{EAE77F18-757C-47A3-9B4E-1058BDADB64C}.Release|Any CPU.Build.0 = Release|Any CPU
		{464CC729-94EA-4768-8F1B-58CA2BE340A4}.Debug|Any CPU.ActiveCfg = Debug|Any CPU
		{464CC729-94EA-4768-8F1B-58CA2BE340A4}.Debug|Any CPU.Build.0 = Debug|Any CPU
		{464CC729-94EA-4768-8F1B-58CA2BE340A4}.Release|Any CPU.ActiveCfg = Release|Any CPU
		{464CC729-94EA-4768-8F1B-58CA2BE340A4}.Release|Any CPU.Build.0 = Release|Any CPU
		{2C1767BD-D1AF-4886-AEBE-73578A680AEB}.Debug|Any CPU.ActiveCfg = Debug|Any CPU
		{2C1767BD-D1AF-4886-AEBE-73578A680AEB}.Debug|Any CPU.Build.0 = Debug|Any CPU
		{2C1767BD-D1AF-4886-AEBE-73578A680AEB}.Release|Any CPU.ActiveCfg = Release|Any CPU
		{2C1767BD-D1AF-4886-AEBE-73578A680AEB}.Release|Any CPU.Build.0 = Release|Any CPU
		{9D49C8D7-6937-4A52-9236-BE1B11057702}.Debug|Any CPU.ActiveCfg = Debug|Any CPU
		{9D49C8D7-6937-4A52-9236-BE1B11057702}.Debug|Any CPU.Build.0 = Debug|Any CPU
		{9D49C8D7-6937-4A52-9236-BE1B11057702}.Release|Any CPU.ActiveCfg = Release|Any CPU
		{9D49C8D7-6937-4A52-9236-BE1B11057702}.Release|Any CPU.Build.0 = Release|Any CPU
		{19FF70B8-4F85-414D-A63A-BBCBFC18B727}.Debug|Any CPU.ActiveCfg = Debug|Any CPU
		{19FF70B8-4F85-414D-A63A-BBCBFC18B727}.Debug|Any CPU.Build.0 = Debug|Any CPU
		{19FF70B8-4F85-414D-A63A-BBCBFC18B727}.Release|Any CPU.ActiveCfg = Release|Any CPU
		{19FF70B8-4F85-414D-A63A-BBCBFC18B727}.Release|Any CPU.Build.0 = Release|Any CPU
		{BA5BB1AB-3C0B-42E7-9C67-4B167C84BE90}.Debug|Any CPU.ActiveCfg = Debug|Any CPU
		{BA5BB1AB-3C0B-42E7-9C67-4B167C84BE90}.Debug|Any CPU.Build.0 = Debug|Any CPU
		{BA5BB1AB-3C0B-42E7-9C67-4B167C84BE90}.Release|Any CPU.ActiveCfg = Release|Any CPU
		{BA5BB1AB-3C0B-42E7-9C67-4B167C84BE90}.Release|Any CPU.Build.0 = Release|Any CPU
		{C9BBF51B-F18E-48A3-A288-09AE026624C1}.Debug|Any CPU.ActiveCfg = Debug|Any CPU
		{C9BBF51B-F18E-48A3-A288-09AE026624C1}.Debug|Any CPU.Build.0 = Debug|Any CPU
		{C9BBF51B-F18E-48A3-A288-09AE026624C1}.Release|Any CPU.ActiveCfg = Release|Any CPU
		{C9BBF51B-F18E-48A3-A288-09AE026624C1}.Release|Any CPU.Build.0 = Release|Any CPU
		{28E292B0-E882-4E35-9F5F-7FF3C7D6BCEF}.Debug|Any CPU.ActiveCfg = Debug|Any CPU
		{28E292B0-E882-4E35-9F5F-7FF3C7D6BCEF}.Debug|Any CPU.Build.0 = Debug|Any CPU
		{28E292B0-E882-4E35-9F5F-7FF3C7D6BCEF}.Release|Any CPU.ActiveCfg = Release|Any CPU
		{28E292B0-E882-4E35-9F5F-7FF3C7D6BCEF}.Release|Any CPU.Build.0 = Release|Any CPU
	EndGlobalSection
	GlobalSection(SolutionProperties) = preSolution
		HideSolutionNode = FALSE
	EndGlobalSection
	GlobalSection(NestedProjects) = preSolution
		{EAE77F18-757C-47A3-9B4E-1058BDADB64C} = {3F4D4865-C0AF-4F7B-A6EA-100A4F4EF481}
		{464CC729-94EA-4768-8F1B-58CA2BE340A4} = {3F4D4865-C0AF-4F7B-A6EA-100A4F4EF481}
		{9D49C8D7-6937-4A52-9236-BE1B11057702} = {3F4D4865-C0AF-4F7B-A6EA-100A4F4EF481}
	EndGlobalSection
	GlobalSection(ExtensibilityGlobals) = postSolution
		SolutionGuid = {891769A8-F0E3-422D-928B-74BBD300B3FA}
	EndGlobalSection
EndGlobal
